%{
  "flame": {:hex, :flame, "0.5.1", "339130ed9dff761efc1b2c001839e6d16aa9af291a1e155d8c14fa9b42c03caa", [:mix], [{:castore, ">= 0.0.0", [hex: :castore, repo: "hexpm", optional: true]}, {:jason, ">= 0.0.0", [hex: :jason, repo: "hexpm", optional: true]}], "hexpm", "b09ac62b187f40fa7f959d6faca58aae0e575ff21435a8afd79727b8e5631085"},
}
